// !$*UTF8*$!
{
	archiveVersion = 1;
	classes = {
	};
	objectVersion = 50;
	objects = {

/* Begin PBXBuildFile section */
		6AF79A00224DE11A00F79ACF /* AppDelegate.swift in Sources */ = {isa = PBXBuildFile; fileRef = 6AF799FF224DE11A00F79ACF /* AppDelegate.swift */; };
		6AF79A02224DE11A00F79ACF /* ViewController.swift in Sources */ = {isa = PBXBuildFile; fileRef = 6AF79A01224DE11A00F79ACF /* ViewController.swift */; };
		6AF79A05224DE11A00F79ACF /* Main.storyboard in Resources */ = {isa = PBXBuildFile; fileRef = 6AF79A03224DE11A00F79ACF /* Main.storyboard */; };
		6AF79A07224DE11B00F79ACF /* Assets.xcassets in Resources */ = {isa = PBXBuildFile; fileRef = 6AF79A06224DE11B00F79ACF /* Assets.xcassets */; };
		6AF79A0A224DE11B00F79ACF /* LaunchScreen.storyboard in Resources */ = {isa = PBXBuildFile; fileRef = 6AF79A08224DE11B00F79ACF /* LaunchScreen.storyboard */; };
		6AF79A15224DE11B00F79ACF /* OptimizationDemoTests.swift in Sources */ = {isa = PBXBuildFile; fileRef = 6AF79A14224DE11B00F79ACF /* OptimizationDemoTests.swift */; };
		6AF79A20224DE11B00F79ACF /* OptimizationDemoUITests.swift in Sources */ = {isa = PBXBuildFile; fileRef = 6AF79A1F224DE11B00F79ACF /* OptimizationDemoUITests.swift */; };
/* End PBXBuildFile section */

/* Begin PBXContainerItemProxy section */
		6AF79A11224DE11B00F79ACF /* PBXContainerItemProxy */ = {
			isa = PBXContainerItemProxy;
			containerPortal = 6AF799F4224DE11A00F79ACF /* Project object */;
			proxyType = 1;
			remoteGlobalIDString = 6AF799FB224DE11A00F79ACF;
			remoteInfo = OptimizationDemo;
		};
		6AF79A1C224DE11B00F79ACF /* PBXContainerItemProxy */ = {
			isa = PBXContainerItemProxy;
			containerPortal = 6AF799F4224DE11A00F79ACF /* Project object */;
			proxyType = 1;
			remoteGlobalIDString = 6AF799FB224DE11A00F79ACF;
			remoteInfo = OptimizationDemo;
		};
/* End PBXContainerItemProxy section */

/* Begin PBXFileReference section */
		6AF799FC224DE11A00F79ACF /* OptimizationDemo.app */ = {isa = PBXFileReference; explicitFileType = wrapper.application; includeInIndex = 0; path = OptimizationDemo.app; sourceTree = BUILT_PRODUCTS_DIR; };
		6AF799FF224DE11A00F79ACF /* AppDelegate.swift */ = {isa = PBXFileReference; lastKnownFileType = sourcecode.swift; path = AppDelegate.swift; sourceTree = "<group>"; };
		6AF79A01224DE11A00F79ACF /* ViewController.swift */ = {isa = PBXFileReference; lastKnownFileType = sourcecode.swift; path = ViewController.swift; sourceTree = "<group>"; };
		6AF79A04224DE11A00F79ACF /* Base */ = {isa = PBXFileReference; lastKnownFileType = file.storyboard; name = Base; path = Base.lproj/Main.storyboard; sourceTree = "<group>"; };
		6AF79A06224DE11B00F79ACF /* Assets.xcassets */ = {isa = PBXFileReference; lastKnownFileType = folder.assetcatalog; path = Assets.xcassets; sourceTree = "<group>"; };
		6AF79A09224DE11B00F79ACF /* Base */ = {isa = PBXFileReference; lastKnownFileType = file.storyboard; name = Base; path = Base.lproj/LaunchScreen.storyboard; sourceTree = "<group>"; };
		6AF79A0B224DE11B00F79ACF /* Info.plist */ = {isa = PBXFileReference; lastKnownFileType = text.plist.xml; path = Info.plist; sourceTree = "<group>"; };
		6AF79A10224DE11B00F79ACF /* OptimizationDemoTests.xctest */ = {isa = PBXFileReference; explicitFileType = wrapper.cfbundle; includeInIndex = 0; path = OptimizationDemoTests.xctest; sourceTree = BUILT_PRODUCTS_DIR; };
		6AF79A14224DE11B00F79ACF /* OptimizationDemoTests.swift */ = {isa = PBXFileReference; lastKnownFileType = sourcecode.swift; path = OptimizationDemoTests.swift; sourceTree = "<group>"; };
		6AF79A16224DE11B00F79ACF /* Info.plist */ = {isa = PBXFileReference; lastKnownFileType = text.plist.xml; path = Info.plist; sourceTree = "<group>"; };
		6AF79A1B224DE11B00F79ACF /* OptimizationDemoUITests.xctest */ = {isa = PBXFileReference; explicitFileType = wrapper.cfbundle; includeInIndex = 0; path = OptimizationDemoUITests.xctest; sourceTree = BUILT_PRODUCTS_DIR; };
		6AF79A1F224DE11B00F79ACF /* OptimizationDemoUITests.swift */ = {isa = PBXFileReference; lastKnownFileType = sourcecode.swift; path = OptimizationDemoUITests.swift; sourceTree = "<group>"; };
		6AF79A21224DE11B00F79ACF /* Info.plist */ = {isa = PBXFileReference; lastKnownFileType = text.plist.xml; path = Info.plist; sourceTree = "<group>"; };
/* End PBXFileReference section */

/* Begin PBXFrameworksBuildPhase section */
		6AF799F9224DE11A00F79ACF /* Frameworks */ = {
			isa = PBXFrameworksBuildPhase;
			buildActionMask = 2147483647;
			files = (
			);
			runOnlyForDeploymentPostprocessing = 0;
		};
		6AF79A0D224DE11B00F79ACF /* Frameworks */ = {
			isa = PBXFrameworksBuildPhase;
			buildActionMask = 2147483647;
			files = (
			);
			runOnlyForDeploymentPostprocessing = 0;
		};
		6AF79A18224DE11B00F79ACF /* Frameworks */ = {
			isa = PBXFrameworksBuildPhase;
			buildActionMask = 2147483647;
			files = (
			);
			runOnlyForDeploymentPostprocessing = 0;
		};
/* End PBXFrameworksBuildPhase section */

/* Begin PBXGroup section */
		6AF799F3224DE11A00F79ACF = {
			isa = PBXGroup;
			children = (
				6AF799FE224DE11A00F79ACF /* OptimizationDemo */,
				6AF79A13224DE11B00F79ACF /* OptimizationDemoTests */,
				6AF79A1E224DE11B00F79ACF /* OptimizationDemoUITests */,
				6AF799FD224DE11A00F79ACF /* Products */,
			);
			sourceTree = "<group>";
		};
		6AF799FD224DE11A00F79ACF /* Products */ = {
			isa = PBXGroup;
			children = (
				6AF799FC224DE11A00F79ACF /* OptimizationDemo.app */,
				6AF79A10224DE11B00F79ACF /* OptimizationDemoTests.xctest */,
				6AF79A1B224DE11B00F79ACF /* OptimizationDemoUITests.xctest */,
			);
			name = Products;
			sourceTree = "<group>";
		};
		6AF799FE224DE11A00F79ACF /* OptimizationDemo */ = {
			isa = PBXGroup;
			children = (
				6AF799FF224DE11A00F79ACF /* AppDelegate.swift */,
				6AF79A01224DE11A00F79ACF /* ViewController.swift */,
				6AF79A03224DE11A00F79ACF /* Main.storyboard */,
				6AF79A06224DE11B00F79ACF /* Assets.xcassets */,
				6AF79A08224DE11B00F79ACF /* LaunchScreen.storyboard */,
				6AF79A0B224DE11B00F79ACF /* Info.plist */,
			);
			path = OptimizationDemo;
			sourceTree = "<group>";
		};
		6AF79A13224DE11B00F79ACF /* OptimizationDemoTests */ = {
			isa = PBXGroup;
			children = (
				6AF79A14224DE11B00F79ACF /* OptimizationDemoTests.swift */,
				6AF79A16224DE11B00F79ACF /* Info.plist */,
			);
			path = OptimizationDemoTests;
			sourceTree = "<group>";
		};
		6AF79A1E224DE11B00F79ACF /* OptimizationDemoUITests */ = {
			isa = PBXGroup;
			children = (
				6AF79A1F224DE11B00F79ACF /* OptimizationDemoUITests.swift */,
				6AF79A21224DE11B00F79ACF /* Info.plist */,
			);
			path = OptimizationDemoUITests;
			sourceTree = "<group>";
		};
/* End PBXGroup section */

/* Begin PBXNativeTarget section */
		6AF799FB224DE11A00F79ACF /* OptimizationDemo */ = {
			isa = PBXNativeTarget;
			buildConfigurationList = 6AF79A24224DE11B00F79ACF /* Build configuration list for PBXNativeTarget "OptimizationDemo" */;
			buildPhases = (
				6AF799F8224DE11A00F79ACF /* Sources */,
				6AF799F9224DE11A00F79ACF /* Frameworks */,
				6AF799FA224DE11A00F79ACF /* Resources */,
			);
			buildRules = (
			);
			dependencies = (
			);
			name = OptimizationDemo;
			productName = OptimizationDemo;
			productReference = 6AF799FC224DE11A00F79ACF /* OptimizationDemo.app */;
			productType = "com.apple.product-type.application";
		};
		6AF79A0F224DE11B00F79ACF /* OptimizationDemoTests */ = {
			isa = PBXNativeTarget;
			buildConfigurationList = 6AF79A27224DE11B00F79ACF /* Build configuration list for PBXNativeTarget "OptimizationDemoTests" */;
			buildPhases = (
				6AF79A0C224DE11B00F79ACF /* Sources */,
				6AF79A0D224DE11B00F79ACF /* Frameworks */,
				6AF79A0E224DE11B00F79ACF /* Resources */,
			);
			buildRules = (
			);
			dependencies = (
				6AF79A12224DE11B00F79ACF /* PBXTargetDependency */,
			);
			name = OptimizationDemoTests;
			productName = OptimizationDemoTests;
			productReference = 6AF79A10224DE11B00F79ACF /* OptimizationDemoTests.xctest */;
			productType = "com.apple.product-type.bundle.unit-test";
		};
		6AF79A1A224DE11B00F79ACF /* OptimizationDemoUITests */ = {
			isa = PBXNativeTarget;
			buildConfigurationList = 6AF79A2A224DE11B00F79ACF /* Build configuration list for PBXNativeTarget "OptimizationDemoUITests" */;
			buildPhases = (
				6AF79A17224DE11B00F79ACF /* Sources */,
				6AF79A18224DE11B00F79ACF /* Frameworks */,
				6AF79A19224DE11B00F79ACF /* Resources */,
			);
			buildRules = (
			);
			dependencies = (
				6AF79A1D224DE11B00F79ACF /* PBXTargetDependency */,
			);
			name = OptimizationDemoUITests;
			productName = OptimizationDemoUITests;
			productReference = 6AF79A1B224DE11B00F79ACF /* OptimizationDemoUITests.xctest */;
			productType = "com.apple.product-type.bundle.ui-testing";
		};
/* End PBXNativeTarget section */

/* Begin PBXProject section */
		6AF799F4224DE11A00F79ACF /* Project object */ = {
			isa = PBXProject;
			attributes = {
				LastSwiftUpdateCheck = 1010;
				LastUpgradeCheck = 1010;
				ORGANIZATIONNAME = "sotsys-236";
				TargetAttributes = {
					6AF799FB224DE11A00F79ACF = {
						CreatedOnToolsVersion = 10.1;
					};
					6AF79A0F224DE11B00F79ACF = {
						CreatedOnToolsVersion = 10.1;
						TestTargetID = 6AF799FB224DE11A00F79ACF;
					};
					6AF79A1A224DE11B00F79ACF = {
						CreatedOnToolsVersion = 10.1;
						TestTargetID = 6AF799FB224DE11A00F79ACF;
					};
				};
			};
			buildConfigurationList = 6AF799F7224DE11A00F79ACF /* Build configuration list for PBXProject "OptimizationDemo" */;
			compatibilityVersion = "Xcode 9.3";
			developmentRegion = en;
			hasScannedForEncodings = 0;
			knownRegions = (
				en,
				Base,
			);
			mainGroup = 6AF799F3224DE11A00F79ACF;
			productRefGroup = 6AF799FD224DE11A00F79ACF /* Products */;
			projectDirPath = "";
			projectRoot = "";
			targets = (
				6AF799FB224DE11A00F79ACF /* OptimizationDemo */,
				6AF79A0F224DE11B00F79ACF /* OptimizationDemoTests */,
				6AF79A1A224DE11B00F79ACF /* OptimizationDemoUITests */,
			);
		};
/* End PBXProject section */

/* Begin PBXResourcesBuildPhase section */
		6AF799FA224DE11A00F79ACF /* Resources */ = {
			isa = PBXResourcesBuildPhase;
			buildActionMask = 2147483647;
			files = (
				6AF79A0A224DE11B00F79ACF /* LaunchScreen.storyboard in Resources */,
				6AF79A07224DE11B00F79ACF /* Assets.xcassets in Resources */,
				6AF79A05224DE11A00F79ACF /* Main.storyboard in Resources */,
			);
			runOnlyForDeploymentPostprocessing = 0;
		};
		6AF79A0E224DE11B00F79ACF /* Resources */ = {
			isa = PBXResourcesBuildPhase;
			buildActionMask = 2147483647;
			files = (
			);
			runOnlyForDeploymentPostprocessing = 0;
		};
		6AF79A19224DE11B00F79ACF /* Resources */ = {
			isa = PBXResourcesBuildPhase;
			buildActionMask = 2147483647;
			files = (
			);
			runOnlyForDeploymentPostprocessing = 0;
		};
/* End PBXResourcesBuildPhase section */

/* Begin PBXSourcesBuildPhase section */
		6AF799F8224DE11A00F79ACF /* Sources */ = {
			isa = PBXSourcesBuildPhase;
			buildActionMask = 2147483647;
			files = (
				6AF79A02224DE11A00F79ACF /* ViewController.swift in Sources */,
				6AF79A00224DE11A00F79ACF /* AppDelegate.swift in Sources */,
			);
			runOnlyForDeploymentPostprocessing = 0;
		};
		6AF79A0C224DE11B00F79ACF /* Sources */ = {
			isa = PBXSourcesBuildPhase;
			buildActionMask = 2147483647;
			files = (
				6AF79A15224DE11B00F79ACF /* OptimizationDemoTests.swift in Sources */,
			);
			runOnlyForDeploymentPostprocessing = 0;
		};
		6AF79A17224DE11B00F79ACF /* Sources */ = {
			isa = PBXSourcesBuildPhase;
			buildActionMask = 2147483647;
			files = (
				6AF79A20224DE11B00F79ACF /* OptimizationDemoUITests.swift in Sources */,
			);
			runOnlyForDeploymentPostprocessing = 0;
		};
/* End PBXSourcesBuildPhase section */

/* Begin PBXTargetDependency section */
		6AF79A12224DE11B00F79ACF /* PBXTargetDependency */ = {
			isa = PBXTargetDependency;
			target = 6AF799FB224DE11A00F79ACF /* OptimizationDemo */;
			targetProxy = 6AF79A11224DE11B00F79ACF /* PBXContainerItemProxy */;
		};
		6AF79A1D224DE11B00F79ACF /* PBXTargetDependency */ = {
			isa = PBXTargetDependency;
			target = 6AF799FB224DE11A00F79ACF /* OptimizationDemo */;
			targetProxy = 6AF79A1C224DE11B00F79ACF /* PBXContainerItemProxy */;
		};
/* End PBXTargetDependency section */

/* Begin PBXVariantGroup section */
		6AF79A03224DE11A00F79ACF /* Main.storyboard */ = {
			isa = PBXVariantGroup;
			children = (
				6AF79A04224DE11A00F79ACF /* Base */,
			);
			name = Main.storyboard;
			sourceTree = "<group>";
		};
		6AF79A08224DE11B00F79ACF /* LaunchScreen.storyboard */ = {
			isa = PBXVariantGroup;
			children = (
				6AF79A09224DE11B00F79ACF /* Base */,
			);
			name = LaunchScreen.storyboard;
			sourceTree = "<group>";
		};
/* End PBXVariantGroup section */

/* Begin XCBuildConfiguration section */
		6AF79A22224DE11B00F79ACF /* Debug */ = {
			isa = XCBuildConfiguration;
			buildSettings = {
				ALWAYS_SEARCH_USER_PATHS = NO;
				CLANG_ANALYZER_NONNULL = YES;
				CLANG_ANALYZER_NUMBER_OBJECT_CONVERSION = YES_AGGRESSIVE;
				CLANG_CXX_LANGUAGE_STANDARD = "gnu++14";
				CLANG_CXX_LIBRARY = "libc++";
				CLANG_ENABLE_MODULES = YES;
				CLANG_ENABLE_OBJC_ARC = YES;
				CLANG_ENABLE_OBJC_WEAK = YES;
				CLANG_WARN_BLOCK_CAPTURE_AUTORELEASING = YES;
				CLANG_WARN_BOOL_CONVERSION = YES;
				CLANG_WARN_COMMA = YES;
				CLANG_WARN_CONSTANT_CONVERSION = YES;
				CLANG_WARN_DEPRECATED_OBJC_IMPLEMENTATIONS = YES;
				CLANG_WARN_DIRECT_OBJC_ISA_USAGE = YES_ERROR;
				CLANG_WARN_DOCUMENTATION_COMMENTS = YES;
				CLANG_WARN_EMPTY_BODY = YES;
				CLANG_WARN_ENUM_CONVERSION = YES;
				CLANG_WARN_INFINITE_RECURSION = YES;
				CLANG_WARN_INT_CONVERSION = YES;
				CLANG_WARN_NON_LITERAL_NULL_CONVERSION = YES;
				CLANG_WARN_OBJC_IMPLICIT_RETAIN_SELF = YES;
				CLANG_WARN_OBJC_LITERAL_CONVERSION = YES;
				CLANG_WARN_OBJC_ROOT_CLASS = YES_ERROR;
				CLANG_WARN_RANGE_LOOP_ANALYSIS = YES;
				CLANG_WARN_STRICT_PROTOTYPES = YES;
				CLANG_WARN_SUSPICIOUS_MOVE = YES;
				CLANG_WARN_UNGUARDED_AVAILABILITY = YES_AGGRESSIVE;
				CLANG_WARN_UNREACHABLE_CODE = YES;
				CLANG_WARN__DUPLICATE_METHOD_MATCH = YES;
				CODE_SIGN_IDENTITY = "iPhone Developer";
				COPY_PHASE_STRIP = NO;
				DEBUG_INFORMATION_FORMAT = dwarf;
				ENABLE_STRICT_OBJC_MSGSEND = YES;
				ENABLE_TESTABILITY = YES;
				GCC_C_LANGUAGE_STANDARD = gnu11;
				GCC_DYNAMIC_NO_PIC = NO;
				GCC_NO_COMMON_BLOCKS = YES;
				GCC_OPTIMIZATION_LEVEL = 0;
				GCC_PREPROCESSOR_DEFINITIONS = (
					"DEBUG=1",
					"$(inherited)",
				);
				GCC_WARN_64_TO_32_BIT_CONVERSION = YES;
				GCC_WARN_ABOUT_RETURN_TYPE = YES_ERROR;
				GCC_WARN_UNDECLARED_SELECTOR = YES;
				GCC_WARN_UNINITIALIZED_AUTOS = YES_AGGRESSIVE;
				GCC_WARN_UNUSED_FUNCTION = YES;
				GCC_WARN_UNUSED_VARIABLE = YES;
				IPHONEOS_DEPLOYMENT_TARGET = 12.1;
				MTL_ENABLE_DEBUG_INFO = INCLUDE_SOURCE;
				MTL_FAST_MATH = YES;
				ONLY_ACTIVE_ARCH = YES;
				SDKROOT = iphoneos;
				SWIFT_ACTIVE_COMPILATION_CONDITIONS = DEBUG;
				SWIFT_OPTIMIZATION_LEVEL = "-Onone";
			};
			name = Debug;
		};
		6AF79A23224DE11B00F79ACF /* Release */ = {
			isa = XCBuildConfiguration;
			buildSettings = {
				ALWAYS_SEARCH_USER_PATHS = NO;
				CLANG_ANALYZER_NONNULL = YES;
				CLANG_ANALYZER_NUMBER_OBJECT_CONVERSION = YES_AGGRESSIVE;
				CLANG_CXX_LANGUAGE_STANDARD = "gnu++14";
				CLANG_CXX_LIBRARY = "libc++";
				CLANG_ENABLE_MODULES = YES;
				CLANG_ENABLE_OBJC_ARC = YES;
				CLANG_ENABLE_OBJC_WEAK = YES;
				CLANG_WARN_BLOCK_CAPTURE_AUTORELEASING = YES;
				CLANG_WARN_BOOL_CONVERSION = YES;
				CLANG_WARN_COMMA = YES;
				CLANG_WARN_CONSTANT_CONVERSION = YES;
				CLANG_WARN_DEPRECATED_OBJC_IMPLEMENTATIONS = YES;
				CLANG_WARN_DIRECT_OBJC_ISA_USAGE = YES_ERROR;
				CLANG_WARN_DOCUMENTATION_COMMENTS = YES;
				CLANG_WARN_EMPTY_BODY = YES;
				CLANG_WARN_ENUM_CONVERSION = YES;
				CLANG_WARN_INFINITE_RECURSION = YES;
				CLANG_WARN_INT_CONVERSION = YES;
				CLANG_WARN_NON_LITERAL_NULL_CONVERSION = YES;
				CLANG_WARN_OBJC_IMPLICIT_RETAIN_SELF = YES;
				CLANG_WARN_OBJC_LITERAL_CONVERSION = YES;
				CLANG_WARN_OBJC_ROOT_CLASS = YES_ERROR;
				CLANG_WARN_RANGE_LOOP_ANALYSIS = YES;
				CLANG_WARN_STRICT_PROTOTYPES = YES;
				CLANG_WARN_SUSPICIOUS_MOVE = YES;
				CLANG_WARN_UNGUARDED_AVAILABILITY = YES_AGGRESSIVE;
				CLANG_WARN_UNREACHABLE_CODE = YES;
				CLANG_WARN__DUPLICATE_METHOD_MATCH = YES;
				CODE_SIGN_IDENTITY = "iPhone Developer";
				COPY_PHASE_STRIP = NO;
				DEBUG_INFORMATION_FORMAT = "dwarf-with-dsym";
				ENABLE_NS_ASSERTIONS = NO;
				ENABLE_STRICT_OBJC_MSGSEND = YES;
				GCC_C_LANGUAGE_STANDARD = gnu11;
				GCC_NO_COMMON_BLOCKS = YES;
				GCC_WARN_64_TO_32_BIT_CONVERSION = YES;
				GCC_WARN_ABOUT_RETURN_TYPE = YES_ERROR;
				GCC_WARN_UNDECLARED_SELECTOR = YES;
				GCC_WARN_UNINITIALIZED_AUTOS = YES_AGGRESSIVE;
				GCC_WARN_UNUSED_FUNCTION = YES;
				GCC_WARN_UNUSED_VARIABLE = YES;
				IPHONEOS_DEPLOYMENT_TARGET = 12.1;
				MTL_ENABLE_DEBUG_INFO = NO;
				MTL_FAST_MATH = YES;
				SDKROOT = iphoneos;
				SWIFT_COMPILATION_MODE = wholemodule;
				SWIFT_OPTIMIZATION_LEVEL = "-O";
				VALIDATE_PRODUCT = YES;
			};
			name = Release;
		};
		6AF79A25224DE11B00F79ACF /* Debug */ = {
			isa = XCBuildConfiguration;
			buildSettings = {
				ASSETCATALOG_COMPILER_APPICON_NAME = AppIcon;
				CODE_SIGN_STYLE = Automatic;
				INFOPLIST_FILE = OptimizationDemo/Info.plist;
				LD_RUNPATH_SEARCH_PATHS = (
					"$(inherited)",
					"@executable_path/Frameworks",
				);
				PRODUCT_BUNDLE_IDENTIFIER = com..OptimizationDemo;
				PRODUCT_NAME = "$(TARGET_NAME)";
				SWIFT_VERSION = 4.2;
				TARGETED_DEVICE_FAMILY = "1,2";
			};
			name = Debug;
		};
		6AF79A26224DE11B00F79ACF /* Release */ = {
			isa = XCBuildConfiguration;
			buildSettings = {
				ASSETCATALOG_COMPILER_APPICON_NAME = AppIcon;
				CODE_SIGN_STYLE = Automatic;
				INFOPLIST_FILE = OptimizationDemo/Info.plist;
				LD_RUNPATH_SEARCH_PATHS = (
					"$(inherited)",
					"@executable_path/Frameworks",
				);
				PRODUCT_BUNDLE_IDENTIFIER = com..OptimizationDemo;
				PRODUCT_NAME = "$(TARGET_NAME)";
				SWIFT_VERSION = 4.2;
				TARGETED_DEVICE_FAMILY = "1,2";
			};
			name = Release;
		};
		6AF79A28224DE11B00F79ACF /* Debug */ = {
			isa = XCBuildConfiguration;
			buildSettings = {
				ALWAYS_EMBED_SWIFT_STANDARD_LIBRARIES = YES;
				BUNDLE_LOADER = "$(TEST_HOST)";
				CODE_SIGN_STYLE = Automatic;
				INFOPLIST_FILE = OptimizationDemoTests/Info.plist;
				LD_RUNPATH_SEARCH_PATHS = (
					"$(inherited)",
					"@executable_path/Frameworks",
					"@loader_path/Frameworks",
				);
				PRODUCT_BUNDLE_IDENTIFIER = com..OptimizationDemoTests;
				PRODUCT_NAME = "$(TARGET_NAME)";
				SWIFT_VERSION = 4.2;
				TARGETED_DEVICE_FAMILY = "1,2";
				TEST_HOST = "$(BUILT_PRODUCTS_DIR)/OptimizationDemo.app/OptimizationDemo";
			};
			name = Debug;
		};
		6AF79A29224DE11B00F79ACF /* Release */ = {
			isa = XCBuildConfiguration;
			buildSettings = {
				ALWAYS_EMBED_SWIFT_STANDARD_LIBRARIES = YES;
				BUNDLE_LOADER = "$(TEST_HOST)";
				CODE_SIGN_STYLE = Automatic;
				INFOPLIST_FILE = OptimizationDemoTests/Info.plist;
				LD_RUNPATH_SEARCH_PATHS = (
					"$(inherited)",
					"@executable_path/Frameworks",
					"@loader_path/Frameworks",
				);
				PRODUCT_BUNDLE_IDENTIFIER = com..OptimizationDemoTests;
				PRODUCT_NAME = "$(TARGET_NAME)";
				SWIFT_VERSION = 4.2;
				TARGETED_DEVICE_FAMILY = "1,2";
				TEST_HOST = "$(BUILT_PRODUCTS_DIR)/OptimizationDemo.app/OptimizationDemo";
			};
			name = Release;
		};
		6AF79A2B224DE11B00F79ACF /* Debug */ = {
			isa = XCBuildConfiguration;
			buildSettings = {
				ALWAYS_EMBED_SWIFT_STANDARD_LIBRARIES = YES;
				CODE_SIGN_STYLE = Automatic;
				INFOPLIST_FILE = OptimizationDemoUITests/Info.plist;
				LD_RUNPATH_SEARCH_PATHS = (
					"$(inherited)",
					"@executable_path/Frameworks",
					"@loader_path/Frameworks",
				);
				PRODUCT_BUNDLE_IDENTIFIER = com..OptimizationDemoUITests;
				PRODUCT_NAME = "$(TARGET_NAME)";
				SWIFT_VERSION = 4.2;
				TARGETED_DEVICE_FAMILY = "1,2";
				TEST_TARGET_NAME = OptimizationDemo;
			};
			name = Debug;
		};
		6AF79A2C224DE11B00F79ACF /* Release */ = {
			isa = XCBuildConfiguration;
			buildSettings = {
				ALWAYS_EMBED_SWIFT_STANDARD_LIBRARIES = YES;
				CODE_SIGN_STYLE = Automatic;
				INFOPLIST_FILE = OptimizationDemoUITests/Info.plist;
				LD_RUNPATH_SEARCH_PATHS = (
					"$(inherited)",
					"@executable_path/Frameworks",
					"@loader_path/Frameworks",
				);
				PRODUCT_BUNDLE_IDENTIFIER = com..OptimizationDemoUITests;
				PRODUCT_NAME = "$(TARGET_NAME)";
				SWIFT_VERSION = 4.2;
				TARGETED_DEVICE_FAMILY = "1,2";
				TEST_TARGET_NAME = OptimizationDemo;
			};
			name = Release;
		};
/* End XCBuildConfiguration section */

/* Begin XCConfigurationList section */
		6AF799F7224DE11A00F79ACF /* Build configuration list for PBXProject "OptimizationDemo" */ = {
			isa = XCConfigurationList;
			buildConfigurations = (
				6AF79A22224DE11B00F79ACF /* Debug */,
				6AF79A23224DE11B00F79ACF /* Release */,
			);
			defaultConfigurationIsVisible = 0;
			defaultConfigurationName = Release;
		};
		6AF79A24224DE11B00F79ACF /* Build configuration list for PBXNativeTarget "OptimizationDemo" */ = {
			isa = XCConfigurationList;
			buildConfigurations = (
				6AF79A25224DE11B00F79ACF /* Debug */,
				6AF79A26224DE11B00F79ACF /* Release */,
			);
			defaultConfigurationIsVisible = 0;
			defaultConfigurationName = Release;
		};
		6AF79A27224DE11B00F79ACF /* Build configuration list for PBXNativeTarget "OptimizationDemoTests" */ = {
			isa = XCConfigurationList;
			buildConfigurations = (
				6AF79A28224DE11B00F79ACF /* Debug */,
				6AF79A29224DE11B00F79ACF /* Release */,
			);
			defaultConfigurationIsVisible = 0;
			defaultConfigurationName = Release;
		};
		6AF79A2A224DE11B00F79ACF /* Build configuration list for PBXNativeTarget "OptimizationDemoUITests" */ = {
			isa = XCConfigurationList;
			buildConfigurations = (
				6AF79A2B224DE11B00F79ACF /* Debug */,
				6AF79A2C224DE11B00F79ACF /* Release */,
			);
			defaultConfigurationIsVisible = 0;
			defaultConfigurationName = Release;
		};
/* End XCConfigurationList section */
	};
	rootObject = 6AF799F4224DE11A00F79ACF /* Project object */;
}
